// !$*UTF8*$!
{
	archiveVersion = 1;
	classes = {
	};
	objectVersion = 46;
	objects = {

/* Begin PBXBuildFile section */
		B14425844BA861031F625F41 /* Pods_Snapchat.framework in Frameworks */ = {isa = PBXBuildFile; fileRef = BF92EE12A888FA1C9CFAB17C /* Pods_Snapchat.framework */; };
		D64E19571E9CE3B200017C7D /* GoogleService-Info.plist in Resources */ = {isa = PBXBuildFile; fileRef = D64E19561E9CE3B200017C7D /* GoogleService-Info.plist */; };
		D6B09D191E870B6E00AA007C /* AppDelegate.swift in Sources */ = {isa = PBXBuildFile; fileRef = D6B09D181E870B6E00AA007C /* AppDelegate.swift */; };
		D6B09D1B1E870B6E00AA007C /* SignInViewController.swift in Sources */ = {isa = PBXBuildFile; fileRef = D6B09D1A1E870B6E00AA007C /* SignInViewController.swift */; };
		D6B09D1E1E870B6E00AA007C /* Main.storyboard in Resources */ = {isa = PBXBuildFile; fileRef = D6B09D1C1E870B6E00AA007C /* Main.storyboard */; };
		D6B09D201E870B6E00AA007C /* Assets.xcassets in Resources */ = {isa = PBXBuildFile; fileRef = D6B09D1F1E870B6E00AA007C /* Assets.xcassets */; };
		D6B09D231E870B6E00AA007C /* LaunchScreen.storyboard in Resources */ = {isa = PBXBuildFile; fileRef = D6B09D211E870B6E00AA007C /* LaunchScreen.storyboard */; };
/* End PBXBuildFile section */

/* Begin PBXFileReference section */
		A94DE0EA44A1A684F73579D3 /* Pods-Snapchat.release.xcconfig */ = {isa = PBXFileReference; includeInIndex = 1; lastKnownFileType = text.xcconfig; name = "Pods-Snapchat.release.xcconfig"; path = "Pods/Target Support Files/Pods-Snapchat/Pods-Snapchat.release.xcconfig"; sourceTree = "<group>"; };
		BF92EE12A888FA1C9CFAB17C /* Pods_Snapchat.framework */ = {isa = PBXFileReference; explicitFileType = wrapper.framework; includeInIndex = 0; path = Pods_Snapchat.framework; sourceTree = BUILT_PRODUCTS_DIR; };
		D64E19561E9CE3B200017C7D /* GoogleService-Info.plist */ = {isa = PBXFileReference; fileEncoding = 4; lastKnownFileType = text.plist.xml; path = "GoogleService-Info.plist"; sourceTree = "<group>"; };
		D6B09D151E870B6E00AA007C /* Snapchat.app */ = {isa = PBXFileReference; explicitFileType = wrapper.application; includeInIndex = 0; path = Snapchat.app; sourceTree = BUILT_PRODUCTS_DIR; };
		D6B09D181E870B6E00AA007C /* AppDelegate.swift */ = {isa = PBXFileReference; lastKnownFileType = sourcecode.swift; path = AppDelegate.swift; sourceTree = "<group>"; };
		D6B09D1A1E870B6E00AA007C /* SignInViewController.swift */ = {isa = PBXFileReference; lastKnownFileType = sourcecode.swift; path = SignInViewController.swift; sourceTree = "<group>"; };
		D6B09D1D1E870B6E00AA007C /* Base */ = {isa = PBXFileReference; lastKnownFileType = file.storyboard; name = Base; path = Base.lproj/Main.storyboard; sourceTree = "<group>"; };
		D6B09D1F1E870B6E00AA007C /* Assets.xcassets */ = {isa = PBXFileReference; lastKnownFileType = folder.assetcatalog; path = Assets.xcassets; sourceTree = "<group>"; };
		D6B09D221E870B6E00AA007C /* Base */ = {isa = PBXFileReference; lastKnownFileType = file.storyboard; name = Base; path = Base.lproj/LaunchScreen.storyboard; sourceTree = "<group>"; };
		D6B09D241E870B6E00AA007C /* Info.plist */ = {isa = PBXFileReference; lastKnownFileType = text.plist.xml; path = Info.plist; sourceTree = "<group>"; };
		DEA75FC08506E9D70410D357 /* Pods-Snapchat.debug.xcconfig */ = {isa = PBXFileReference; includeInIndex = 1; lastKnownFileType = text.xcconfig; name = "Pods-Snapchat.debug.xcconfig"; path = "Pods/Target Support Files/Pods-Snapchat/Pods-Snapchat.debug.xcconfig"; sourceTree = "<group>"; };
/* End PBXFileReference section */

/* Begin PBXFrameworksBuildPhase section */
		D6B09D121E870B6E00AA007C /* Frameworks */ = {
			isa = PBXFrameworksBuildPhase;
			buildActionMask = 2147483647;
			files = (
				B14425844BA861031F625F41 /* Pods_Snapchat.framework in Frameworks */,
			);
			runOnlyForDeploymentPostprocessing = 0;
		};
/* End PBXFrameworksBuildPhase section */

/* Begin PBXGroup section */
		58561AAFBF7B71F80A99A7C2 /* Pods */ = {
			isa = PBXGroup;
			children = (
				DEA75FC08506E9D70410D357 /* Pods-Snapchat.debug.xcconfig */,
				A94DE0EA44A1A684F73579D3 /* Pods-Snapchat.release.xcconfig */,
			);
			name = Pods;
			sourceTree = "<group>";
		};
		8EAD399196CB292F7671D39C /* Frameworks */ = {
			isa = PBXGroup;
			children = (
				BF92EE12A888FA1C9CFAB17C /* Pods_Snapchat.framework */,
			);
			name = Frameworks;
			sourceTree = "<group>";
		};
		D6B09D0C1E870B6E00AA007C = {
			isa = PBXGroup;
			children = (
				D6B09D171E870B6E00AA007C /* Snapchat */,
				D6B09D161E870B6E00AA007C /* Products */,
				58561AAFBF7B71F80A99A7C2 /* Pods */,
				8EAD399196CB292F7671D39C /* Frameworks */,
			);
			sourceTree = "<group>";
		};
		D6B09D161E870B6E00AA007C /* Products */ = {
			isa = PBXGroup;
			children = (
				D6B09D151E870B6E00AA007C /* Snapchat.app */,
			);
			name = Products;
			sourceTree = "<group>";
		};
		D6B09D171E870B6E00AA007C /* Snapchat */ = {
			isa = PBXGroup;
			children = (
				D6B09D181E870B6E00AA007C /* AppDelegate.swift */,
				D6B09D1A1E870B6E00AA007C /* SignInViewController.swift */,
				D6B09D1C1E870B6E00AA007C /* Main.storyboard */,
				D6B09D1F1E870B6E00AA007C /* Assets.xcassets */,
				D6B09D211E870B6E00AA007C /* LaunchScreen.storyboard */,
				D6B09D241E870B6E00AA007C /* Info.plist */,
				D64E19561E9CE3B200017C7D /* GoogleService-Info.plist */,
			);
			path = Snapchat;
			sourceTree = "<group>";
		};
/* End PBXGroup section */

/* Begin PBXNativeTarget section */
		D6B09D141E870B6E00AA007C /* Snapchat */ = {
			isa = PBXNativeTarget;
			buildConfigurationList = D6B09D271E870B6E00AA007C /* Build configuration list for PBXNativeTarget "Snapchat" */;
			buildPhases = (
				817562A36052F2A91F36004A /* [CP] Check Pods Manifest.lock */,
				D6B09D111E870B6E00AA007C /* Sources */,
				D6B09D121E870B6E00AA007C /* Frameworks */,
				D6B09D131E870B6E00AA007C /* Resources */,
				8128BD94F2A2A3C6F23832DE /* [CP] Embed Pods Frameworks */,
				1AA7A8C2E7A9C00C559FC31D /* [CP] Copy Pods Resources */,
			);
			buildRules = (
			);
			dependencies = (
			);
			name = Snapchat;
			productName = Snapchat;
			productReference = D6B09D151E870B6E00AA007C /* Snapchat.app */;
			productType = "com.apple.product-type.application";
		};
/* End PBXNativeTarget section */

/* Begin PBXProject section */
		D6B09D0D1E870B6E00AA007C /* Project object */ = {
			isa = PBXProject;
			attributes = {
				LastSwiftUpdateCheck = 0830;
				LastUpgradeCheck = 0830;
				ORGANIZATIONNAME = "Michael Kjemtrup";
				TargetAttributes = {
					D6B09D141E870B6E00AA007C = {
						CreatedOnToolsVersion = 8.3;
						DevelopmentTeam = 5335627933;
						ProvisioningStyle = Automatic;
					};
				};
			};
			buildConfigurationList = D6B09D101E870B6E00AA007C /* Build configuration list for PBXProject "Snapchat" */;
			compatibilityVersion = "Xcode 3.2";
			developmentRegion = English;
			hasScannedForEncodings = 0;
			knownRegions = (
				en,
				Base,
			);
			mainGroup = D6B09D0C1E870B6E00AA007C;
			productRefGroup = D6B09D161E870B6E00AA007C /* Products */;
			projectDirPath = "";
			projectRoot = "";
			targets = (
				D6B09D141E870B6E00AA007C /* Snapchat */,
			);
		};
/* End PBXProject section */

/* Begin PBXResourcesBuildPhase section */
		D6B09D131E870B6E00AA007C /* Resources */ = {
			isa = PBXResourcesBuildPhase;
			buildActionMask = 2147483647;
			files = (
				D6B09D231E870B6E00AA007C /* LaunchScreen.storyboard in Resources */,
				D64E19571E9CE3B200017C7D /* GoogleService-Info.plist in Resources */,
				D6B09D201E870B6E00AA007C /* Assets.xcassets in Resources */,
				D6B09D1E1E870B6E00AA007C /* Main.storyboard in Resources */,
			);
			runOnlyForDeploymentPostprocessing = 0;
		};
/* End PBXResourcesBuildPhase section */

/* Begin PBXShellScriptBuildPhase section */
		1AA7A8C2E7A9C00C559FC31D /* [CP] Copy Pods Resources */ = {
			isa = PBXShellScriptBuildPhase;
			buildActionMask = 2147483647;
			files = (
			);
			inputPaths = (
			);
			name = "[CP] Copy Pods Resources";
			outputPaths = (
			);
			runOnlyForDeploymentPostprocessing = 0;
			shellPath = /bin/sh;
			shellScript = "\"${SRCROOT}/Pods/Target Support Files/Pods-Snapchat/Pods-Snapchat-resources.sh\"\n";
			showEnvVarsInLog = 0;
		};
		8128BD94F2A2A3C6F23832DE /* [CP] Embed Pods Frameworks */ = {
			isa = PBXShellScriptBuildPhase;
			buildActionMask = 2147483647;
			files = (
			);
			inputPaths = (
			);
			name = "[CP] Embed Pods Frameworks";
			outputPaths = (
			);
			runOnlyForDeploymentPostprocessing = 0;
			shellPath = /bin/sh;
			shellScript = "\"${SRCROOT}/Pods/Target Support Files/Pods-Snapchat/Pods-Snapchat-frameworks.sh\"\n";
			showEnvVarsInLog = 0;
		};
		817562A36052F2A91F36004A /* [CP] Check Pods Manifest.lock */ = {
			isa = PBXShellScriptBuildPhase;
			buildActionMask = 2147483647;
			files = (
			);
			inputPaths = (
			);
			name = "[CP] Check Pods Manifest.lock";
			outputPaths = (
			);
			runOnlyForDeploymentPostprocessing = 0;
			shellPath = /bin/sh;
			shellScript = "diff \"${PODS_ROOT}/../Podfile.lock\" \"${PODS_ROOT}/Manifest.lock\" > /dev/null\nif [ $? != 0 ] ; then\n    # print error to STDERR\n    echo \"error: The sandbox is not in sync with the Podfile.lock. Run 'pod install' or update your CocoaPods installation.\" >&2\n    exit 1\nfi\n";
			showEnvVarsInLog = 0;
		};
/* End PBXShellScriptBuildPhase section */

/* Begin PBXSourcesBuildPhase section */
		D6B09D111E870B6E00AA007C /* Sources */ = {
			isa = PBXSourcesBuildPhase;
			buildActionMask = 2147483647;
			files = (
				D6B09D1B1E870B6E00AA007C /* SignInViewController.swift in Sources */,
				D6B09D191E870B6E00AA007C /* AppDelegate.swift in Sources */,
			);
			runOnlyForDeploymentPostprocessing = 0;
		};
/* End PBXSourcesBuildPhase section */

/* Begin PBXVariantGroup section */
		D6B09D1C1E870B6E00AA007C /* Main.storyboard */ = {
			isa = PBXVariantGroup;
			children = (
				D6B09D1D1E870B6E00AA007C /* Base */,
			);
			name = Main.storyboard;
			sourceTree = "<group>";
		};
		D6B09D211E870B6E00AA007C /* LaunchScreen.storyboard */ = {
			isa = PBXVariantGroup;
			children = (
				D6B09D221E870B6E00AA007C /* Base */,
			);
			name = LaunchScreen.storyboard;
			sourceTree = "<group>";
		};
/* End PBXVariantGroup section */

/* Begin XCBuildConfiguration section */
		D6B09D251E870B6E00AA007C /* Debug */ = {
			isa = XCBuildConfiguration;
			buildSettings = {
				ALWAYS_SEARCH_USER_PATHS = NO;
				CLANG_ANALYZER_NONNULL = YES;
				CLANG_ANALYZER_NUMBER_OBJECT_CONVERSION = YES_AGGRESSIVE;
				CLANG_CXX_LANGUAGE_STANDARD = "gnu++0x";
				CLANG_CXX_LIBRARY = "libc++";
				CLANG_ENABLE_MODULES = YES;
				CLANG_ENABLE_OBJC_ARC = YES;
				CLANG_WARN_BOOL_CONVERSION = YES;
				CLANG_WARN_CONSTANT_CONVERSION = YES;
				CLANG_WARN_DIRECT_OBJC_ISA_USAGE = YES_ERROR;
				CLANG_WARN_DOCUMENTATION_COMMENTS = YES;
				CLANG_WARN_EMPTY_BODY = YES;
				CLANG_WARN_ENUM_CONVERSION = YES;
				CLANG_WARN_INFINITE_RECURSION = YES;
				CLANG_WARN_INT_CONVERSION = YES;
				CLANG_WARN_OBJC_ROOT_CLASS = YES_ERROR;
				CLANG_WARN_SUSPICIOUS_MOVE = YES;
				CLANG_WARN_UNREACHABLE_CODE = YES;
				CLANG_WARN__DUPLICATE_METHOD_MATCH = YES;
				"CODE_SIGN_IDENTITY[sdk=iphoneos*]" = "iPhone Developer";
				COPY_PHASE_STRIP = NO;
				DEBUG_INFORMATION_FORMAT = dwarf;
				ENABLE_STRICT_OBJC_MSGSEND = YES;
				ENABLE_TESTABILITY = YES;
				GCC_C_LANGUAGE_STANDARD = gnu99;
				GCC_DYNAMIC_NO_PIC = NO;
				GCC_NO_COMMON_BLOCKS = YES;
				GCC_OPTIMIZATION_LEVEL = 0;
				GCC_PREPROCESSOR_DEFINITIONS = (
					"DEBUG=1",
					"$(inherited)",
				);
				GCC_WARN_64_TO_32_BIT_CONVERSION = YES;
				GCC_WARN_ABOUT_RETURN_TYPE = YES_ERROR;
				GCC_WARN_UNDECLARED_SELECTOR = YES;
				GCC_WARN_UNINITIALIZED_AUTOS = YES_AGGRESSIVE;
				GCC_WARN_UNUSED_FUNCTION = YES;
				GCC_WARN_UNUSED_VARIABLE = YES;
				IPHONEOS_DEPLOYMENT_TARGET = 10.3;
				MTL_ENABLE_DEBUG_INFO = YES;
				ONLY_ACTIVE_ARCH = YES;
				SDKROOT = iphoneos;
				SWIFT_ACTIVE_COMPILATION_CONDITIONS = DEBUG;
				SWIFT_OPTIMIZATION_LEVEL = "-Onone";
				TARGETED_DEVICE_FAMILY = "1,2";
			};
			name = Debug;
		};
		D6B09D261E870B6E00AA007C /* Release */ = {
			isa = XCBuildConfiguration;
			buildSettings = {
				ALWAYS_SEARCH_USER_PATHS = NO;
				CLANG_ANALYZER_NONNULL = YES;
				CLANG_ANALYZER_NUMBER_OBJECT_CONVERSION = YES_AGGRESSIVE;
				CLANG_CXX_LANGUAGE_STANDARD = "gnu++0x";
				CLANG_CXX_LIBRARY = "libc++";
				CLANG_ENABLE_MODULES = YES;
				CLANG_ENABLE_OBJC_ARC = YES;
				CLANG_WARN_BOOL_CONVERSION = YES;
				CLANG_WARN_CONSTANT_CONVERSION = YES;
				CLANG_WARN_DIRECT_OBJC_ISA_USAGE = YES_ERROR;
				CLANG_WARN_DOCUMENTATION_COMMENTS = YES;
				CLANG_WARN_EMPTY_BODY = YES;
				CLANG_WARN_ENUM_CONVERSION = YES;
				CLANG_WARN_INFINITE_RECURSION = YES;
				CLANG_WARN_INT_CONVERSION = YES;
				CLANG_WARN_OBJC_ROOT_CLASS = YES_ERROR;
				CLANG_WARN_SUSPICIOUS_MOVE = YES;
				CLANG_WARN_UNREACHABLE_CODE = YES;
				CLANG_WARN__DUPLICATE_METHOD_MATCH = YES;
				"CODE_SIGN_IDENTITY[sdk=iphoneos*]" = "iPhone Developer";
				COPY_PHASE_STRIP = NO;
				DEBUG_INFORMATION_FORMAT = "dwarf-with-dsym";
				ENABLE_NS_ASSERTIONS = NO;
				ENABLE_STRICT_OBJC_MSGSEND = YES;
				GCC_C_LANGUAGE_STANDARD = gnu99;
				GCC_NO_COMMON_BLOCKS = YES;
				GCC_WARN_64_TO_32_BIT_CONVERSION = YES;
				GCC_WARN_ABOUT_RETURN_TYPE = YES_ERROR;
				GCC_WARN_UNDECLARED_SELECTOR = YES;
				GCC_WARN_UNINITIALIZED_AUTOS = YES_AGGRESSIVE;
				GCC_WARN_UNUSED_FUNCTION = YES;
				GCC_WARN_UNUSED_VARIABLE = YES;
				IPHONEOS_DEPLOYMENT_TARGET = 10.3;
				MTL_ENABLE_DEBUG_INFO = NO;
				SDKROOT = iphoneos;
				SWIFT_OPTIMIZATION_LEVEL = "-Owholemodule";
				TARGETED_DEVICE_FAMILY = "1,2";
				VALIDATE_PRODUCT = YES;
			};
			name = Release;
		};
		D6B09D281E870B6E00AA007C /* Debug */ = {
			isa = XCBuildConfiguration;
			baseConfigurationReference = DEA75FC08506E9D70410D357 /* Pods-Snapchat.debug.xcconfig */;
			buildSettings = {
				ASSETCATALOG_COMPILER_APPICON_NAME = AppIcon;
				DEVELOPMENT_TEAM = 5335627933;
				INFOPLIST_FILE = Snapchat/Info.plist;
				LD_RUNPATH_SEARCH_PATHS = "$(inherited) @executable_path/Frameworks";
				PRODUCT_BUNDLE_IDENTIFIER = me.kjemtrup.Snapchat;
				PRODUCT_NAME = "$(TARGET_NAME)";
				SWIFT_VERSION = 3.0;
			};
			name = Debug;
		};
		D6B09D291E870B6E00AA007C /* Release */ = {
			isa = XCBuildConfiguration;
			baseConfigurationReference = A94DE0EA44A1A684F73579D3 /* Pods-Snapchat.release.xcconfig */;
			buildSettings = {
				ASSETCATALOG_COMPILER_APPICON_NAME = AppIcon;
				DEVELOPMENT_TEAM = 5335627933;
				INFOPLIST_FILE = Snapchat/Info.plist;
				LD_RUNPATH_SEARCH_PATHS = "$(inherited) @executable_path/Frameworks";
				PRODUCT_BUNDLE_IDENTIFIER = me.kjemtrup.Snapchat;
				PRODUCT_NAME = "$(TARGET_NAME)";
				SWIFT_VERSION = 3.0;
			};
			name = Release;
		};
/* End XCBuildConfiguration section */

/* Begin XCConfigurationList section */
		D6B09D101E870B6E00AA007C /* Build configuration list for PBXProject "Snapchat" */ = {
			isa = XCConfigurationList;
			buildConfigurations = (
				D6B09D251E870B6E00AA007C /* Debug */,
				D6B09D261E870B6E00AA007C /* Release */,
			);
			defaultConfigurationIsVisible = 0;
			defaultConfigurationName = Release;
		};
		D6B09D271E870B6E00AA007C /* Build configuration list for PBXNativeTarget "Snapchat" */ = {
			isa = XCConfigurationList;
			buildConfigurations = (
				D6B09D281E870B6E00AA007C /* Debug */,
				D6B09D291E870B6E00AA007C /* Release */,
			);
			defaultConfigurationIsVisible = 0;
			defaultConfigurationName = Release;
		};
/* End XCConfigurationList section */
	};
	rootObject = D6B09D0D1E870B6E00AA007C /* Project object */;
}
